// !$*UTF8*$!
{
	archiveVersion = 1;
	classes = {
	};
	objectVersion = 46;
	objects = {

/* Begin PBXBuildFile section */
		4536107A168DCBC600818733 /* UIKit.framework in Frameworks */ = {isa = PBXBuildFile; fileRef = 45361079168DCBC600818733 /* UIKit.framework */; };
		4536107C168DCBC600818733 /* Foundation.framework in Frameworks */ = {isa = PBXBuildFile; fileRef = 4536107B168DCBC600818733 /* Foundation.framework */; };
		4536107E168DCBC600818733 /* CoreGraphics.framework in Frameworks */ = {isa = PBXBuildFile; fileRef = 4536107D168DCBC600818733 /* CoreGraphics.framework */; };
		45361084168DCBC600818733 /* InfoPlist.strings in Resources */ = {isa = PBXBuildFile; fileRef = 45361082168DCBC600818733 /* InfoPlist.strings */; };
		45361086168DCBC600818733 /* main.m in Sources */ = {isa = PBXBuildFile; fileRef = 45361085168DCBC600818733 /* main.m */; };
		4536108A168DCBC600818733 /* AppDelegate.m in Sources */ = {isa = PBXBuildFile; fileRef = 45361089168DCBC600818733 /* AppDelegate.m */; };
		4536108C168DCBC600818733 /* Default.png in Resources */ = {isa = PBXBuildFile; fileRef = 4536108B168DCBC600818733 /* Default.png */; };
		4536108E168DCBC600818733 /* Default@2x.png in Resources */ = {isa = PBXBuildFile; fileRef = 4536108D168DCBC600818733 /* Default@2x.png */; };
		45361090168DCBC600818733 /* Default-568h@2x.png in Resources */ = {isa = PBXBuildFile; fileRef = 4536108F168DCBC600818733 /* Default-568h@2x.png */; };
		45361095168DCBC600818733 /* first.png in Resources */ = {isa = PBXBuildFile; fileRef = 45361094168DCBC600818733 /* first.png */; };
		45361097168DCBC600818733 /* first@2x.png in Resources */ = {isa = PBXBuildFile; fileRef = 45361096168DCBC600818733 /* first@2x.png */; };
		4536109C168DCBC600818733 /* second.png in Resources */ = {isa = PBXBuildFile; fileRef = 4536109B168DCBC600818733 /* second.png */; };
		4536109E168DCBC600818733 /* second@2x.png in Resources */ = {isa = PBXBuildFile; fileRef = 4536109D168DCBC600818733 /* second@2x.png */; };
		453610AE168DD05100818733 /* 19-gear.png in Resources */ = {isa = PBXBuildFile; fileRef = 453610AA168DD05100818733 /* 19-gear.png */; };
		453610AF168DD05100818733 /* 28-star.png in Resources */ = {isa = PBXBuildFile; fileRef = 453610AB168DD05100818733 /* 28-star.png */; };
		453610B0168DD05100818733 /* 42-photos.png in Resources */ = {isa = PBXBuildFile; fileRef = 453610AC168DD05100818733 /* 42-photos.png */; };
		453610B1168DD05100818733 /* 111-user.png in Resources */ = {isa = PBXBuildFile; fileRef = 453610AD168DD05100818733 /* 111-user.png */; };
		453610B4168DD1B700818733 /* FeedViewController.m in Sources */ = {isa = PBXBuildFile; fileRef = 453610B3168DD1B700818733 /* FeedViewController.m */; };
		453610B7168DD2C900818733 /* FavoritesViewController.m in Sources */ = {isa = PBXBuildFile; fileRef = 453610B6168DD2C800818733 /* FavoritesViewController.m */; };
		453610BA168DD33E00818733 /* ProfileViewController.m in Sources */ = {isa = PBXBuildFile; fileRef = 453610B9168DD33E00818733 /* ProfileViewController.m */; };
		453610BC168DD4DB00818733 /* bruno.jpg in Resources */ = {isa = PBXBuildFile; fileRef = 453610BB168DD4DA00818733 /* bruno.jpg */; };
		453610C3168E1BE900818733 /* FeedTableViewController.m in Sources */ = {isa = PBXBuildFile; fileRef = 453610C2168E1BE900818733 /* FeedTableViewController.m */; };
		453610D8168E294700818733 /* AFHTTPClient.m in Sources */ = {isa = PBXBuildFile; fileRef = 453610C6168E294700818733 /* AFHTTPClient.m */; };
		453610D9168E294700818733 /* AFHTTPRequestOperation.m in Sources */ = {isa = PBXBuildFile; fileRef = 453610C8168E294700818733 /* AFHTTPRequestOperation.m */; };
		453610DA168E294700818733 /* AFImageRequestOperation.m in Sources */ = {isa = PBXBuildFile; fileRef = 453610CA168E294700818733 /* AFImageRequestOperation.m */; };
		453610DB168E294700818733 /* AFJSONRequestOperation.m in Sources */ = {isa = PBXBuildFile; fileRef = 453610CC168E294700818733 /* AFJSONRequestOperation.m */; };
		453610DC168E294700818733 /* AFNetworkActivityIndicatorManager.m in Sources */ = {isa = PBXBuildFile; fileRef = 453610CE168E294700818733 /* AFNetworkActivityIndicatorManager.m */; };
		453610DD168E294700818733 /* AFPropertyListRequestOperation.m in Sources */ = {isa = PBXBuildFile; fileRef = 453610D1168E294700818733 /* AFPropertyListRequestOperation.m */; };
		453610DE168E294700818733 /* AFURLConnectionOperation.m in Sources */ = {isa = PBXBuildFile; fileRef = 453610D3168E294700818733 /* AFURLConnectionOperation.m */; };
		453610DF168E294700818733 /* AFXMLRequestOperation.m in Sources */ = {isa = PBXBuildFile; fileRef = 453610D5168E294700818733 /* AFXMLRequestOperation.m */; };
		453610E0168E294700818733 /* UIImageView+AFNetworking.m in Sources */ = {isa = PBXBuildFile; fileRef = 453610D7168E294700818733 /* UIImageView+AFNetworking.m */; };
/* End PBXBuildFile section */

/* Begin PBXFileReference section */
		45361075168DCBC600818733 /* InstaPhoto.app */ = {isa = PBXFileReference; explicitFileType = wrapper.application; includeInIndex = 0; path = InstaPhoto.app; sourceTree = BUILT_PRODUCTS_DIR; };
		45361079168DCBC600818733 /* UIKit.framework */ = {isa = PBXFileReference; lastKnownFileType = wrapper.framework; name = UIKit.framework; path = System/Library/Frameworks/UIKit.framework; sourceTree = SDKROOT; };
		4536107B168DCBC600818733 /* Foundation.framework */ = {isa = PBXFileReference; lastKnownFileType = wrapper.framework; name = Foundation.framework; path = System/Library/Frameworks/Foundation.framework; sourceTree = SDKROOT; };
		4536107D168DCBC600818733 /* CoreGraphics.framework */ = {isa = PBXFileReference; lastKnownFileType = wrapper.framework; name = CoreGraphics.framework; path = System/Library/Frameworks/CoreGraphics.framework; sourceTree = SDKROOT; };
		45361081168DCBC600818733 /* InstaPhoto-Info.plist */ = {isa = PBXFileReference; lastKnownFileType = text.plist.xml; path = "InstaPhoto-Info.plist"; sourceTree = "<group>"; };
		45361083168DCBC600818733 /* en */ = {isa = PBXFileReference; lastKnownFileType = text.plist.strings; name = en; path = en.lproj/InfoPlist.strings; sourceTree = "<group>"; };
		45361085168DCBC600818733 /* main.m */ = {isa = PBXFileReference; lastKnownFileType = sourcecode.c.objc; path = main.m; sourceTree = "<group>"; };
		45361087168DCBC600818733 /* InstaPhoto-Prefix.pch */ = {isa = PBXFileReference; lastKnownFileType = sourcecode.c.h; path = "InstaPhoto-Prefix.pch"; sourceTree = "<group>"; };
		45361088168DCBC600818733 /* AppDelegate.h */ = {isa = PBXFileReference; lastKnownFileType = sourcecode.c.h; path = AppDelegate.h; sourceTree = "<group>"; };
		45361089168DCBC600818733 /* AppDelegate.m */ = {isa = PBXFileReference; lastKnownFileType = sourcecode.c.objc; path = AppDelegate.m; sourceTree = "<group>"; };
		4536108B168DCBC600818733 /* Default.png */ = {isa = PBXFileReference; lastKnownFileType = image.png; path = Default.png; sourceTree = "<group>"; };
		4536108D168DCBC600818733 /* Default@2x.png */ = {isa = PBXFileReference; lastKnownFileType = image.png; path = "Default@2x.png"; sourceTree = "<group>"; };
		4536108F168DCBC600818733 /* Default-568h@2x.png */ = {isa = PBXFileReference; lastKnownFileType = image.png; path = "Default-568h@2x.png"; sourceTree = "<group>"; };
		45361094168DCBC600818733 /* first.png */ = {isa = PBXFileReference; lastKnownFileType = image.png; path = first.png; sourceTree = "<group>"; };
		45361096168DCBC600818733 /* first@2x.png */ = {isa = PBXFileReference; lastKnownFileType = image.png; path = "first@2x.png"; sourceTree = "<group>"; };
		4536109B168DCBC600818733 /* second.png */ = {isa = PBXFileReference; lastKnownFileType = image.png; path = second.png; sourceTree = "<group>"; };
		4536109D168DCBC600818733 /* second@2x.png */ = {isa = PBXFileReference; lastKnownFileType = image.png; path = "second@2x.png"; sourceTree = "<group>"; };
		453610AA168DD05100818733 /* 19-gear.png */ = {isa = PBXFileReference; lastKnownFileType = image.png; path = "19-gear.png"; sourceTree = "<group>"; };
		453610AB168DD05100818733 /* 28-star.png */ = {isa = PBXFileReference; lastKnownFileType = image.png; path = "28-star.png"; sourceTree = "<group>"; };
		453610AC168DD05100818733 /* 42-photos.png */ = {isa = PBXFileReference; lastKnownFileType = image.png; path = "42-photos.png"; sourceTree = "<group>"; };
		453610AD168DD05100818733 /* 111-user.png */ = {isa = PBXFileReference; lastKnownFileType = image.png; path = "111-user.png"; sourceTree = "<group>"; };
		453610B2168DD1B700818733 /* FeedViewController.h */ = {isa = PBXFileReference; fileEncoding = 4; lastKnownFileType = sourcecode.c.h; path = FeedViewController.h; sourceTree = "<group>"; };
		453610B3168DD1B700818733 /* FeedViewController.m */ = {isa = PBXFileReference; fileEncoding = 4; lastKnownFileType = sourcecode.c.objc; path = FeedViewController.m; sourceTree = "<group>"; };
		453610B5168DD2C800818733 /* FavoritesViewController.h */ = {isa = PBXFileReference; fileEncoding = 4; lastKnownFileType = sourcecode.c.h; path = FavoritesViewController.h; sourceTree = "<group>"; };
		453610B6168DD2C800818733 /* FavoritesViewController.m */ = {isa = PBXFileReference; fileEncoding = 4; lastKnownFileType = sourcecode.c.objc; path = FavoritesViewController.m; sourceTree = "<group>"; };
		453610B8168DD33E00818733 /* ProfileViewController.h */ = {isa = PBXFileReference; fileEncoding = 4; lastKnownFileType = sourcecode.c.h; path = ProfileViewController.h; sourceTree = "<group>"; };
		453610B9168DD33E00818733 /* ProfileViewController.m */ = {isa = PBXFileReference; fileEncoding = 4; lastKnownFileType = sourcecode.c.objc; path = ProfileViewController.m; sourceTree = "<group>"; };
		453610BB168DD4DA00818733 /* bruno.jpg */ = {isa = PBXFileReference; lastKnownFileType = image.jpeg; path = bruno.jpg; sourceTree = "<group>"; };
		453610C1168E1BE900818733 /* FeedTableViewController.h */ = {isa = PBXFileReference; fileEncoding = 4; lastKnownFileType = sourcecode.c.h; path = FeedTableViewController.h; sourceTree = "<group>"; };
		453610C2168E1BE900818733 /* FeedTableViewController.m */ = {isa = PBXFileReference; fileEncoding = 4; lastKnownFileType = sourcecode.c.objc; path = FeedTableViewController.m; sourceTree = "<group>"; };
		453610C5168E294700818733 /* AFHTTPClient.h */ = {isa = PBXFileReference; fileEncoding = 4; lastKnownFileType = sourcecode.c.h; path = AFHTTPClient.h; sourceTree = "<group>"; };
		453610C6168E294700818733 /* AFHTTPClient.m */ = {isa = PBXFileReference; fileEncoding = 4; lastKnownFileType = sourcecode.c.objc; path = AFHTTPClient.m; sourceTree = "<group>"; };
		453610C7168E294700818733 /* AFHTTPRequestOperation.h */ = {isa = PBXFileReference; fileEncoding = 4; lastKnownFileType = sourcecode.c.h; path = AFHTTPRequestOperation.h; sourceTree = "<group>"; };
		453610C8168E294700818733 /* AFHTTPRequestOperation.m */ = {isa = PBXFileReference; fileEncoding = 4; lastKnownFileType = sourcecode.c.objc; path = AFHTTPRequestOperation.m; sourceTree = "<group>"; };
		453610C9168E294700818733 /* AFImageRequestOperation.h */ = {isa = PBXFileReference; fileEncoding = 4; lastKnownFileType = sourcecode.c.h; path = AFImageRequestOperation.h; sourceTree = "<group>"; };
		453610CA168E294700818733 /* AFImageRequestOperation.m */ = {isa = PBXFileReference; fileEncoding = 4; lastKnownFileType = sourcecode.c.objc; path = AFImageRequestOperation.m; sourceTree = "<group>"; };
		453610CB168E294700818733 /* AFJSONRequestOperation.h */ = {isa = PBXFileReference; fileEncoding = 4; lastKnownFileType = sourcecode.c.h; path = AFJSONRequestOperation.h; sourceTree = "<group>"; };
		453610CC168E294700818733 /* AFJSONRequestOperation.m */ = {isa = PBXFileReference; fileEncoding = 4; lastKnownFileType = sourcecode.c.objc; path = AFJSONRequestOperation.m; sourceTree = "<group>"; };
		453610CD168E294700818733 /* AFNetworkActivityIndicatorManager.h */ = {isa = PBXFileReference; fileEncoding = 4; lastKnownFileType = sourcecode.c.h; path = AFNetworkActivityIndicatorManager.h; sourceTree = "<group>"; };
		453610CE168E294700818733 /* AFNetworkActivityIndicatorManager.m */ = {isa = PBXFileReference; fileEncoding = 4; lastKnownFileType = sourcecode.c.objc; path = AFNetworkActivityIndicatorManager.m; sourceTree = "<group>"; };
		453610CF168E294700818733 /* AFNetworking.h */ = {isa = PBXFileReference; fileEncoding = 4; lastKnownFileType = sourcecode.c.h; path = AFNetworking.h; sourceTree = "<group>"; };
		453610D0168E294700818733 /* AFPropertyListRequestOperation.h */ = {isa = PBXFileReference; fileEncoding = 4; lastKnownFileType = sourcecode.c.h; path = AFPropertyListRequestOperation.h; sourceTree = "<group>"; };
		453610D1168E294700818733 /* AFPropertyListRequestOperation.m */ = {isa = PBXFileReference; fileEncoding = 4; lastKnownFileType = sourcecode.c.objc; path = AFPropertyListRequestOperation.m; sourceTree = "<group>"; };
		453610D2168E294700818733 /* AFURLConnectionOperation.h */ = {isa = PBXFileReference; fileEncoding = 4; lastKnownFileType = sourcecode.c.h; path = AFURLConnectionOperation.h; sourceTree = "<group>"; };
		453610D3168E294700818733 /* AFURLConnectionOperation.m */ = {isa = PBXFileReference; fileEncoding = 4; lastKnownFileType = sourcecode.c.objc; path = AFURLConnectionOperation.m; sourceTree = "<group>"; };
		453610D4168E294700818733 /* AFXMLRequestOperation.h */ = {isa = PBXFileReference; fileEncoding = 4; lastKnownFileType = sourcecode.c.h; path = AFXMLRequestOperation.h; sourceTree = "<group>"; };
		453610D5168E294700818733 /* AFXMLRequestOperation.m */ = {isa = PBXFileReference; fileEncoding = 4; lastKnownFileType = sourcecode.c.objc; path = AFXMLRequestOperation.m; sourceTree = "<group>"; };
		453610D6168E294700818733 /* UIImageView+AFNetworking.h */ = {isa = PBXFileReference; fileEncoding = 4; lastKnownFileType = sourcecode.c.h; path = "UIImageView+AFNetworking.h"; sourceTree = "<group>"; };
		453610D7168E294700818733 /* UIImageView+AFNetworking.m */ = {isa = PBXFileReference; fileEncoding = 4; lastKnownFileType = sourcecode.c.objc; path = "UIImageView+AFNetworking.m"; sourceTree = "<group>"; };
/* End PBXFileReference section */

/* Begin PBXFrameworksBuildPhase section */
		45361072168DCBC600818733 /* Frameworks */ = {
			isa = PBXFrameworksBuildPhase;
			buildActionMask = 2147483647;
			files = (
				4536107A168DCBC600818733 /* UIKit.framework in Frameworks */,
				4536107C168DCBC600818733 /* Foundation.framework in Frameworks */,
				4536107E168DCBC600818733 /* CoreGraphics.framework in Frameworks */,
			);
			runOnlyForDeploymentPostprocessing = 0;
		};
/* End PBXFrameworksBuildPhase section */

/* Begin PBXGroup section */
		4536106A168DCBC600818733 = {
			isa = PBXGroup;
			children = (
				4536107F168DCBC600818733 /* InstaPhoto */,
				45361078168DCBC600818733 /* Frameworks */,
				45361076168DCBC600818733 /* Products */,
			);
			sourceTree = "<group>";
		};
		45361076168DCBC600818733 /* Products */ = {
			isa = PBXGroup;
			children = (
				45361075168DCBC600818733 /* InstaPhoto.app */,
			);
			name = Products;
			sourceTree = "<group>";
		};
		45361078168DCBC600818733 /* Frameworks */ = {
			isa = PBXGroup;
			children = (
				45361079168DCBC600818733 /* UIKit.framework */,
				4536107B168DCBC600818733 /* Foundation.framework */,
				4536107D168DCBC600818733 /* CoreGraphics.framework */,
			);
			name = Frameworks;
			sourceTree = "<group>";
		};
		4536107F168DCBC600818733 /* InstaPhoto */ = {
			isa = PBXGroup;
			children = (
				45361088168DCBC600818733 /* AppDelegate.h */,
				45361089168DCBC600818733 /* AppDelegate.m */,
				453610B8168DD33E00818733 /* ProfileViewController.h */,
				453610B9168DD33E00818733 /* ProfileViewController.m */,
				453610C1168E1BE900818733 /* FeedTableViewController.h */,
				453610C2168E1BE900818733 /* FeedTableViewController.m */,
				453610C4168E294700818733 /* AFNetworking */,
				453610BB168DD4DA00818733 /* bruno.jpg */,
				453610B5168DD2C800818733 /* FavoritesViewController.h */,
				453610B6168DD2C800818733 /* FavoritesViewController.m */,
				453610B2168DD1B700818733 /* FeedViewController.h */,
				453610B3168DD1B700818733 /* FeedViewController.m */,
				453610AA168DD05100818733 /* 19-gear.png */,
				453610AB168DD05100818733 /* 28-star.png */,
				453610AC168DD05100818733 /* 42-photos.png */,
				453610AD168DD05100818733 /* 111-user.png */,
				45361094168DCBC600818733 /* first.png */,
				45361096168DCBC600818733 /* first@2x.png */,
				4536109B168DCBC600818733 /* second.png */,
				4536109D168DCBC600818733 /* second@2x.png */,
				45361080168DCBC600818733 /* Supporting Files */,
			);
			path = InstaPhoto;
			sourceTree = "<group>";
		};
		45361080168DCBC600818733 /* Supporting Files */ = {
			isa = PBXGroup;
			children = (
				45361081168DCBC600818733 /* InstaPhoto-Info.plist */,
				45361082168DCBC600818733 /* InfoPlist.strings */,
				45361085168DCBC600818733 /* main.m */,
				45361087168DCBC600818733 /* InstaPhoto-Prefix.pch */,
				4536108B168DCBC600818733 /* Default.png */,
				4536108D168DCBC600818733 /* Default@2x.png */,
				4536108F168DCBC600818733 /* Default-568h@2x.png */,
			);
			name = "Supporting Files";
			sourceTree = "<group>";
		};
		453610C4168E294700818733 /* AFNetworking */ = {
			isa = PBXGroup;
			children = (
				453610C5168E294700818733 /* AFHTTPClient.h */,
				453610C6168E294700818733 /* AFHTTPClient.m */,
				453610C7168E294700818733 /* AFHTTPRequestOperation.h */,
				453610C8168E294700818733 /* AFHTTPRequestOperation.m */,
				453610C9168E294700818733 /* AFImageRequestOperation.h */,
				453610CA168E294700818733 /* AFImageRequestOperation.m */,
				453610CB168E294700818733 /* AFJSONRequestOperation.h */,
				453610CC168E294700818733 /* AFJSONRequestOperation.m */,
				453610CD168E294700818733 /* AFNetworkActivityIndicatorManager.h */,
				453610CE168E294700818733 /* AFNetworkActivityIndicatorManager.m */,
				453610CF168E294700818733 /* AFNetworking.h */,
				453610D0168E294700818733 /* AFPropertyListRequestOperation.h */,
				453610D1168E294700818733 /* AFPropertyListRequestOperation.m */,
				453610D2168E294700818733 /* AFURLConnectionOperation.h */,
				453610D3168E294700818733 /* AFURLConnectionOperation.m */,
				453610D4168E294700818733 /* AFXMLRequestOperation.h */,
				453610D5168E294700818733 /* AFXMLRequestOperation.m */,
				453610D6168E294700818733 /* UIImageView+AFNetworking.h */,
				453610D7168E294700818733 /* UIImageView+AFNetworking.m */,
			);
			path = AFNetworking;
			sourceTree = "<group>";
		};
/* End PBXGroup section */

/* Begin PBXNativeTarget section */
		45361074168DCBC600818733 /* InstaPhoto */ = {
			isa = PBXNativeTarget;
			buildConfigurationList = 453610A7168DCBC700818733 /* Build configuration list for PBXNativeTarget "InstaPhoto" */;
			buildPhases = (
				45361071168DCBC600818733 /* Sources */,
				45361072168DCBC600818733 /* Frameworks */,
				45361073168DCBC600818733 /* Resources */,
			);
			buildRules = (
			);
			dependencies = (
			);
			name = InstaPhoto;
			productName = InstaPhoto;
			productReference = 45361075168DCBC600818733 /* InstaPhoto.app */;
			productType = "com.apple.product-type.application";
		};
/* End PBXNativeTarget section */

/* Begin PBXProject section */
		4536106C168DCBC600818733 /* Project object */ = {
			isa = PBXProject;
			attributes = {
				LastUpgradeCheck = 0450;
				ORGANIZATIONNAME = "Bruno Bonamin";
			};
			buildConfigurationList = 4536106F168DCBC600818733 /* Build configuration list for PBXProject "InstaPhoto" */;
			compatibilityVersion = "Xcode 3.2";
			developmentRegion = English;
			hasScannedForEncodings = 0;
			knownRegions = (
				en,
			);
			mainGroup = 4536106A168DCBC600818733;
			productRefGroup = 45361076168DCBC600818733 /* Products */;
			projectDirPath = "";
			projectRoot = "";
			targets = (
				45361074168DCBC600818733 /* InstaPhoto */,
			);
		};
/* End PBXProject section */

/* Begin PBXResourcesBuildPhase section */
		45361073168DCBC600818733 /* Resources */ = {
			isa = PBXResourcesBuildPhase;
			buildActionMask = 2147483647;
			files = (
				45361084168DCBC600818733 /* InfoPlist.strings in Resources */,
				4536108C168DCBC600818733 /* Default.png in Resources */,
				4536108E168DCBC600818733 /* Default@2x.png in Resources */,
				45361090168DCBC600818733 /* Default-568h@2x.png in Resources */,
				45361095168DCBC600818733 /* first.png in Resources */,
				45361097168DCBC600818733 /* first@2x.png in Resources */,
				4536109C168DCBC600818733 /* second.png in Resources */,
				4536109E168DCBC600818733 /* second@2x.png in Resources */,
				453610AE168DD05100818733 /* 19-gear.png in Resources */,
				453610AF168DD05100818733 /* 28-star.png in Resources */,
				453610B0168DD05100818733 /* 42-photos.png in Resources */,
				453610B1168DD05100818733 /* 111-user.png in Resources */,
				453610BC168DD4DB00818733 /* bruno.jpg in Resources */,
			);
			runOnlyForDeploymentPostprocessing = 0;
		};
/* End PBXResourcesBuildPhase section */

/* Begin PBXSourcesBuildPhase section */
		45361071168DCBC600818733 /* Sources */ = {
			isa = PBXSourcesBuildPhase;
			buildActionMask = 2147483647;
			files = (
				45361086168DCBC600818733 /* main.m in Sources */,
				4536108A168DCBC600818733 /* AppDelegate.m in Sources */,
				453610B4168DD1B700818733 /* FeedViewController.m in Sources */,
				453610B7168DD2C900818733 /* FavoritesViewController.m in Sources */,
				453610BA168DD33E00818733 /* ProfileViewController.m in Sources */,
				453610C3168E1BE900818733 /* FeedTableViewController.m in Sources */,
				453610D8168E294700818733 /* AFHTTPClient.m in Sources */,
				453610D9168E294700818733 /* AFHTTPRequestOperation.m in Sources */,
				453610DA168E294700818733 /* AFImageRequestOperation.m in Sources */,
				453610DB168E294700818733 /* AFJSONRequestOperation.m in Sources */,
				453610DC168E294700818733 /* AFNetworkActivityIndicatorManager.m in Sources */,
				453610DD168E294700818733 /* AFPropertyListRequestOperation.m in Sources */,
				453610DE168E294700818733 /* AFURLConnectionOperation.m in Sources */,
				453610DF168E294700818733 /* AFXMLRequestOperation.m in Sources */,
				453610E0168E294700818733 /* UIImageView+AFNetworking.m in Sources */,
			);
			runOnlyForDeploymentPostprocessing = 0;
		};
/* End PBXSourcesBuildPhase section */

/* Begin PBXVariantGroup section */
		45361082168DCBC600818733 /* InfoPlist.strings */ = {
			isa = PBXVariantGroup;
			children = (
				45361083168DCBC600818733 /* en */,
			);
			name = InfoPlist.strings;
			sourceTree = "<group>";
		};
/* End PBXVariantGroup section */

/* Begin XCBuildConfiguration section */
		453610A5168DCBC700818733 /* Debug */ = {
			isa = XCBuildConfiguration;
			buildSettings = {
				ALWAYS_SEARCH_USER_PATHS = NO;
				CLANG_CXX_LANGUAGE_STANDARD = "gnu++0x";
				CLANG_CXX_LIBRARY = "libc++";
				CLANG_ENABLE_OBJC_ARC = YES;
				CLANG_WARN_EMPTY_BODY = YES;
				CLANG_WARN__DUPLICATE_METHOD_MATCH = YES;
				"CODE_SIGN_IDENTITY[sdk=iphoneos*]" = "iPhone Developer";
				COPY_PHASE_STRIP = NO;
				GCC_C_LANGUAGE_STANDARD = gnu99;
				GCC_DYNAMIC_NO_PIC = NO;
				GCC_OPTIMIZATION_LEVEL = 0;
				GCC_PREPROCESSOR_DEFINITIONS = (
					"DEBUG=1",
					"$(inherited)",
				);
				GCC_SYMBOLS_PRIVATE_EXTERN = NO;
				GCC_WARN_ABOUT_RETURN_TYPE = YES;
				GCC_WARN_UNINITIALIZED_AUTOS = YES;
				GCC_WARN_UNUSED_VARIABLE = YES;
				IPHONEOS_DEPLOYMENT_TARGET = 6.0;
				ONLY_ACTIVE_ARCH = YES;
				SDKROOT = iphoneos;
			};
			name = Debug;
		};
		453610A6168DCBC700818733 /* Release */ = {
			isa = XCBuildConfiguration;
			buildSettings = {
				ALWAYS_SEARCH_USER_PATHS = NO;
				CLANG_CXX_LANGUAGE_STANDARD = "gnu++0x";
				CLANG_CXX_LIBRARY = "libc++";
				CLANG_ENABLE_OBJC_ARC = YES;
				CLANG_WARN_EMPTY_BODY = YES;
				CLANG_WARN__DUPLICATE_METHOD_MATCH = YES;
				"CODE_SIGN_IDENTITY[sdk=iphoneos*]" = "iPhone Developer";
				COPY_PHASE_STRIP = YES;
				GCC_C_LANGUAGE_STANDARD = gnu99;
				GCC_WARN_ABOUT_RETURN_TYPE = YES;
				GCC_WARN_UNINITIALIZED_AUTOS = YES;
				GCC_WARN_UNUSED_VARIABLE = YES;
				IPHONEOS_DEPLOYMENT_TARGET = 6.0;
				OTHER_CFLAGS = "-DNS_BLOCK_ASSERTIONS=1";
				SDKROOT = iphoneos;
				VALIDATE_PRODUCT = YES;
			};
			name = Release;
		};
		453610A8168DCBC700818733 /* Debug */ = {
			isa = XCBuildConfiguration;
			buildSettings = {
				GCC_PRECOMPILE_PREFIX_HEADER = YES;
				GCC_PREFIX_HEADER = "InstaPhoto/InstaPhoto-Prefix.pch";
				INFOPLIST_FILE = "InstaPhoto/InstaPhoto-Info.plist";
				PRODUCT_NAME = "$(TARGET_NAME)";
				WRAPPER_EXTENSION = app;
			};
			name = Debug;
		};
		453610A9168DCBC700818733 /* Release */ = {
			isa = XCBuildConfiguration;
			buildSettings = {
				GCC_PRECOMPILE_PREFIX_HEADER = YES;
				GCC_PREFIX_HEADER = "InstaPhoto/InstaPhoto-Prefix.pch";
				INFOPLIST_FILE = "InstaPhoto/InstaPhoto-Info.plist";
				PRODUCT_NAME = "$(TARGET_NAME)";
				WRAPPER_EXTENSION = app;
			};
			name = Release;
		};
/* End XCBuildConfiguration section */

/* Begin XCConfigurationList section */
		4536106F168DCBC600818733 /* Build configuration list for PBXProject "InstaPhoto" */ = {
			isa = XCConfigurationList;
			buildConfigurations = (
				453610A5168DCBC700818733 /* Debug */,
				453610A6168DCBC700818733 /* Release */,
			);
			defaultConfigurationIsVisible = 0;
			defaultConfigurationName = Release;
		};
		453610A7168DCBC700818733 /* Build configuration list for PBXNativeTarget "InstaPhoto" */ = {
			isa = XCConfigurationList;
			buildConfigurations = (
				453610A8168DCBC700818733 /* Debug */,
				453610A9168DCBC700818733 /* Release */,
			);
			defaultConfigurationIsVisible = 0;
		};
/* End XCConfigurationList section */
	};
	rootObject = 4536106C168DCBC600818733 /* Project object */;
}
